version: '1.2'
phase: B
authority: registry/SKILLS.yaml
retrieval_date: '2026-09-04'
policy:
  immutable_pins: true
  floating_main_forbidden: true
counts:
  frontend_design_accessibility: 4
  threejs_selected: 10
  r3f_reference: 1
  gsap_selected: 5
  blender_selected: 15
  img2threejs: 1
  total_locked_entries: 36
shared_dependencies:
- local_path: skills/external/blender/references/
  reason: Shared Blender production references required by selected skills via ../references/
  upstream_repo: https://github.com/arjun988/blender-skills
  commit_sha: 8f778d2405a214b508d4c7d80742be8e43acdd52
  files:
  - asset-pipeline.md
  - mcp-integration.md
  - mcp-tools.md
  - naming-conventions.md
  - polycount-budgets.md
  - reference-analysis-template.md
  - reference-image-match.md
  - validation-checklist.md
  - visual-match-checklist.md
entries:
- id: EXT-FE-01
  name: openai-frontend-app-builder
  category: frontend
  priority: P0
  decision: FORK_REFERENCE
  operational_status: reference
  repo: https://github.com/openai/plugins
  upstream_path: plugins/build-web-apps/skills/frontend-app-builder/
  commit_sha: 1e285826e604f66f7208f7ac4dba0fe8341d1f57
  license: LICENSE_REVIEW_REQUIRED
  license_note: No LICENSE/COPYING at repo root or build-web-apps path at pinned commit; GitHub API license=null
  license_evidence_inspected:
    - repo root (no LICENSE)
    - plugins/build-web-apps/ (no LICENSE)
    - README.md (no license terms)
  license_reinspection_date: "2026-09-04"
  commercial_redistribution_status: blocked_pending_license_review
  local_path: skills/external/frontend/openai-frontend-app-builder
  scripts_present: false
  script_review_status: n/a
  included_resources:
  - SKILL.md
  - references/
  - agents/
- id: EXT-FE-02
  name: openai-frontend-testing-debugging
  category: frontend
  priority: P0
  decision: FORK_KEEP
  operational_status: operational
  repo: https://github.com/openai/plugins
  upstream_path: plugins/build-web-apps/skills/frontend-testing-debugging/
  commit_sha: 1e285826e604f66f7208f7ac4dba0fe8341d1f57
  license: LICENSE_REVIEW_REQUIRED
  license_note: No LICENSE/COPYING at repo root or build-web-apps path at pinned commit; GitHub API license=null
  license_evidence_inspected:
    - repo root (no LICENSE)
    - plugins/build-web-apps/ (no LICENSE)
    - README.md (no license terms)
  license_reinspection_date: "2026-09-04"
  commercial_redistribution_status: blocked_pending_license_review
  local_path: skills/external/frontend/openai-frontend-testing-debugging
  scripts_present: false
  script_review_status: n/a
  included_resources:
  - SKILL.md
  - agents/
- id: EXT-DES-01
  name: anthropic-design-critique
  category: frontend
  priority: P0
  decision: FORK_REFERENCE
  operational_status: reference
  repo: https://github.com/anthropics/knowledge-work-plugins
  upstream_path: design/skills/design-critique/
  commit_sha: 9e2bcbc55b70d5c3cdc04a9789cb00c030bf7fc1
  license: Apache-2.0
  license_file: anthropic-kwp/LICENSE
  local_path: skills/external/frontend/anthropic-design-critique
  scripts_present: false
  script_review_status: n/a
  included_resources:
  - SKILL.md
  shared_dependencies:
  - file: skills/external/CONNECTORS.md
    reason: SKILL.md references ../../CONNECTORS.md from upstream layout
- id: EXT-A11Y-01
  name: web-accessibility
  category: frontend
  priority: P0
  decision: KEEP_REFERENCE
  operational_status: reference
  repo: https://github.com/magnus919/agent-skills
  upstream_path: web-accessibility/
  commit_sha: de968dfdfb5ac92336a4915dad4bb56a27fe0207
  license: MIT
  license_file: web-accessibility/UPSTREAM_LICENSE.md
  local_path: skills/external/frontend/web-accessibility
  scripts_present: false
  script_review_status: n/a
  included_resources:
  - SKILL.md
  - references/
  - assets/
  - evals/
  - README.md
- id: EXT-3DWEB-01
  name: threejs-core
  category: threejs
  priority: P0
  decision: IMPORT_SELECTED
  operational_status: operational
  repo: https://github.com/alton47/threejs-skills
  upstream_path: skills/threejs-core/
  commit_sha: 7b8e25638cff83a6be4926d8f05001022cc80ac3
  license: MIT
  license_file: threejs/UPSTREAM_LICENSE
  local_path: skills/external/threejs/threejs-core
  scripts_present: false
  script_review_status: n/a
  included_resources:
  - SKILL.md
- id: EXT-3DWEB-02
  name: threejs-materials
  category: threejs
  priority: P0
  decision: IMPORT_SELECTED
  operational_status: operational
  repo: https://github.com/alton47/threejs-skills
  upstream_path: skills/threejs-materials/
  commit_sha: 7b8e25638cff83a6be4926d8f05001022cc80ac3
  license: MIT
  license_file: threejs/UPSTREAM_LICENSE
  local_path: skills/external/threejs/threejs-materials
  scripts_present: false
  script_review_status: n/a
  included_resources:
  - SKILL.md
- id: EXT-3DWEB-03
  name: threejs-lighting
  category: threejs
  priority: P0
  decision: IMPORT_SELECTED
  operational_status: operational
  repo: https://github.com/alton47/threejs-skills
  upstream_path: skills/threejs-lighting/
  commit_sha: 7b8e25638cff83a6be4926d8f05001022cc80ac3
  license: MIT
  license_file: threejs/UPSTREAM_LICENSE
  local_path: skills/external/threejs/threejs-lighting
  scripts_present: false
  script_review_status: n/a
  included_resources:
  - SKILL.md
- id: EXT-3DWEB-04
  name: threejs-camera
  category: threejs
  priority: P0
  decision: IMPORT_SELECTED
  operational_status: operational
  repo: https://github.com/alton47/threejs-skills
  upstream_path: skills/threejs-camera/
  commit_sha: 7b8e25638cff83a6be4926d8f05001022cc80ac3
  license: MIT
  license_file: threejs/UPSTREAM_LICENSE
  local_path: skills/external/threejs/threejs-camera
  scripts_present: false
  script_review_status: n/a
  included_resources:
  - SKILL.md
- id: EXT-3DWEB-05
  name: threejs-animation
  category: threejs
  priority: P0
  decision: IMPORT_SELECTED
  operational_status: operational
  repo: https://github.com/alton47/threejs-skills
  upstream_path: skills/threejs-animation/
  commit_sha: 7b8e25638cff83a6be4926d8f05001022cc80ac3
  license: MIT
  license_file: threejs/UPSTREAM_LICENSE
  local_path: skills/external/threejs/threejs-animation
  scripts_present: false
  script_review_status: n/a
  included_resources:
  - SKILL.md
- id: EXT-3DWEB-06
  name: threejs-loaders
  category: threejs
  priority: P0
  decision: IMPORT_SELECTED
  operational_status: operational
  repo: https://github.com/alton47/threejs-skills
  upstream_path: skills/threejs-loaders/
  commit_sha: 7b8e25638cff83a6be4926d8f05001022cc80ac3
  license: MIT
  license_file: threejs/UPSTREAM_LICENSE
  local_path: skills/external/threejs/threejs-loaders
  scripts_present: false
  script_review_status: n/a
  included_resources:
  - SKILL.md
- id: EXT-3DWEB-07
  name: threejs-react
  category: threejs
  priority: P0
  decision: IMPORT_SELECTED
  operational_status: operational
  repo: https://github.com/alton47/threejs-skills
  upstream_path: skills/threejs-react/
  commit_sha: 7b8e25638cff83a6be4926d8f05001022cc80ac3
  license: MIT
  license_file: threejs/UPSTREAM_LICENSE
  local_path: skills/external/threejs/threejs-react
  scripts_present: false
  script_review_status: n/a
  included_resources:
  - SKILL.md
- id: EXT-3DWEB-08
  name: threejs-performance
  category: threejs
  priority: P0
  decision: IMPORT_SELECTED
  operational_status: operational
  repo: https://github.com/alton47/threejs-skills
  upstream_path: skills/threejs-performance/
  commit_sha: 7b8e25638cff83a6be4926d8f05001022cc80ac3
  license: MIT
  license_file: threejs/UPSTREAM_LICENSE
  local_path: skills/external/threejs/threejs-performance
  scripts_present: false
  script_review_status: n/a
  included_resources:
  - SKILL.md
- id: EXT-3DWEB-09
  name: threejs-shaders
  category: threejs
  priority: P1
  decision: IMPORT_SELECTED
  operational_status: operational
  repo: https://github.com/alton47/threejs-skills
  upstream_path: skills/threejs-shaders/
  commit_sha: 7b8e25638cff83a6be4926d8f05001022cc80ac3
  license: MIT
  license_file: threejs/UPSTREAM_LICENSE
  local_path: skills/external/threejs/threejs-shaders
  scripts_present: false
  script_review_status: n/a
  included_resources:
  - SKILL.md
- id: EXT-3DWEB-10
  name: threejs-postprocessing
  category: threejs
  priority: P1
  decision: IMPORT_SELECTED
  operational_status: operational
  repo: https://github.com/alton47/threejs-skills
  upstream_path: skills/threejs-postprocessing/
  commit_sha: 7b8e25638cff83a6be4926d8f05001022cc80ac3
  license: MIT
  license_file: threejs/UPSTREAM_LICENSE
  local_path: skills/external/threejs/threejs-postprocessing
  scripts_present: false
  script_review_status: n/a
  included_resources:
  - SKILL.md
- id: EXT-R3F-01
  name: react-three-fiber-production-rules
  category: r3f_reference
  priority: reference
  decision: MERGE_REFERENCE
  operational_status: reference
  repo: https://github.com/shreyam1008/shre-skills
  upstream_path: skills/react-three-fiber/
  commit_sha: 412c49746b8bbbb59b7e823b0d5126f866050314
  license: MIT
  license_file: threejs/references/react-three-fiber-production-rules/UPSTREAM_LICENSE
  local_path: skills/external/threejs/references/react-three-fiber-production-rules
  scripts_present: false
  script_review_status: n/a
  included_resources:
  - SKILL.md
  fork_notes: Merge reference only; must not become competing R3F authority
- id: EXT-MOTION-01
  name: gsap-core
  category: gsap
  priority: P0
  decision: IMPORT_SELECTED
  operational_status: operational
  repo: https://github.com/greensock/gsap-skills
  upstream_path: skills/gsap-core/
  commit_sha: aed9cfd3277740755f6bfc1155c7aa645403b760
  license: MIT
  license_file: gsap/UPSTREAM_LICENSE
  local_path: skills/external/gsap/gsap-core
  scripts_present: false
  script_review_status: n/a
  included_resources:
  - SKILL.md
- id: EXT-MOTION-02
  name: gsap-timeline
  category: gsap
  priority: P0
  decision: IMPORT_SELECTED
  operational_status: operational
  repo: https://github.com/greensock/gsap-skills
  upstream_path: skills/gsap-timeline/
  commit_sha: aed9cfd3277740755f6bfc1155c7aa645403b760
  license: MIT
  license_file: gsap/UPSTREAM_LICENSE
  local_path: skills/external/gsap/gsap-timeline
  scripts_present: false
  script_review_status: n/a
  included_resources:
  - SKILL.md
- id: EXT-MOTION-03
  name: gsap-scrolltrigger
  category: gsap
  priority: P0
  decision: IMPORT_SELECTED
  operational_status: operational
  repo: https://github.com/greensock/gsap-skills
  upstream_path: skills/gsap-scrolltrigger/
  commit_sha: aed9cfd3277740755f6bfc1155c7aa645403b760
  license: MIT
  license_file: gsap/UPSTREAM_LICENSE
  local_path: skills/external/gsap/gsap-scrolltrigger
  scripts_present: false
  script_review_status: n/a
  included_resources:
  - SKILL.md
- id: EXT-MOTION-04
  name: gsap-react
  category: gsap
  priority: P0
  decision: IMPORT_SELECTED
  operational_status: operational
  repo: https://github.com/greensock/gsap-skills
  upstream_path: skills/gsap-react/
  commit_sha: aed9cfd3277740755f6bfc1155c7aa645403b760
  license: MIT
  license_file: gsap/UPSTREAM_LICENSE
  local_path: skills/external/gsap/gsap-react
  scripts_present: false
  script_review_status: n/a
  included_resources:
  - SKILL.md
- id: EXT-MOTION-05
  name: gsap-performance
  category: gsap
  priority: P0
  decision: IMPORT_SELECTED
  operational_status: operational
  repo: https://github.com/greensock/gsap-skills
  upstream_path: skills/gsap-performance/
  commit_sha: aed9cfd3277740755f6bfc1155c7aa645403b760
  license: MIT
  license_file: gsap/UPSTREAM_LICENSE
  local_path: skills/external/gsap/gsap-performance
  scripts_present: false
  script_review_status: n/a
  included_resources:
  - SKILL.md
- id: EXT-BLD-01
  name: blender-director
  category: blender
  priority: P0
  decision: IMPORT_SELECTED
  operational_status: operational
  repo: https://github.com/arjun988/blender-skills
  upstream_path: .claude/skills/blender-director/
  commit_sha: 8f778d2405a214b508d4c7d80742be8e43acdd52
  license: MIT
  license_file: blender/UPSTREAM_LICENSE
  local_path: skills/external/blender/blender-director
  scripts_present: false
  script_review_status: n/a
  included_resources:
  - SKILL.md
  - references/
- id: EXT-BLD-02
  name: blender-modeler
  category: blender
  priority: P0
  decision: IMPORT_SELECTED
  operational_status: operational
  repo: https://github.com/arjun988/blender-skills
  upstream_path: .claude/skills/blender-modeler/
  commit_sha: 8f778d2405a214b508d4c7d80742be8e43acdd52
  license: MIT
  license_file: blender/UPSTREAM_LICENSE
  local_path: skills/external/blender/blender-modeler
  scripts_present: false
  script_review_status: n/a
  included_resources:
  - SKILL.md
  - references/
- id: EXT-BLD-03
  name: prop-artist
  category: blender
  priority: P0
  decision: IMPORT_SELECTED
  operational_status: operational
  repo: https://github.com/arjun988/blender-skills
  upstream_path: .claude/skills/prop-artist/
  commit_sha: 8f778d2405a214b508d4c7d80742be8e43acdd52
  license: MIT
  license_file: blender/UPSTREAM_LICENSE
  local_path: skills/external/blender/prop-artist
  scripts_present: false
  script_review_status: n/a
  included_resources:
  - SKILL.md
  - references/
- id: EXT-BLD-04
  name: uv-workflow
  category: blender
  priority: P0
  decision: IMPORT_SELECTED
  operational_status: operational
  repo: https://github.com/arjun988/blender-skills
  upstream_path: .claude/skills/uv-workflow/
  commit_sha: 8f778d2405a214b508d4c7d80742be8e43acdd52
  license: MIT
  license_file: blender/UPSTREAM_LICENSE
  local_path: skills/external/blender/uv-workflow
  scripts_present: false
  script_review_status: n/a
  included_resources:
  - SKILL.md
  - references/
- id: EXT-BLD-05
  name: materials
  category: blender
  priority: P0
  decision: IMPORT_SELECTED
  operational_status: operational
  repo: https://github.com/arjun988/blender-skills
  upstream_path: .claude/skills/materials/
  commit_sha: 8f778d2405a214b508d4c7d80742be8e43acdd52
  license: MIT
  license_file: blender/UPSTREAM_LICENSE
  local_path: skills/external/blender/materials
  scripts_present: false
  script_review_status: n/a
  included_resources:
  - SKILL.md
  - references/
- id: EXT-BLD-06
  name: lookdev
  category: blender
  priority: P0
  decision: IMPORT_SELECTED
  operational_status: operational
  repo: https://github.com/arjun988/blender-skills
  upstream_path: .claude/skills/lookdev/
  commit_sha: 8f778d2405a214b508d4c7d80742be8e43acdd52
  license: MIT
  license_file: blender/UPSTREAM_LICENSE
  local_path: skills/external/blender/lookdev
  scripts_present: false
  script_review_status: n/a
  included_resources:
  - SKILL.md
  - references/
- id: EXT-BLD-07
  name: camera-cinematography
  category: blender
  priority: P0
  decision: IMPORT_SELECTED
  operational_status: operational
  repo: https://github.com/arjun988/blender-skills
  upstream_path: .claude/skills/camera-cinematography/
  commit_sha: 8f778d2405a214b508d4c7d80742be8e43acdd52
  license: MIT
  license_file: blender/UPSTREAM_LICENSE
  local_path: skills/external/blender/camera-cinematography
  scripts_present: false
  script_review_status: n/a
  included_resources:
  - SKILL.md
  - references/
- id: EXT-BLD-08
  name: lighting
  category: blender
  priority: P0
  decision: IMPORT_SELECTED
  operational_status: operational
  repo: https://github.com/arjun988/blender-skills
  upstream_path: .claude/skills/lighting/
  commit_sha: 8f778d2405a214b508d4c7d80742be8e43acdd52
  license: MIT
  license_file: blender/UPSTREAM_LICENSE
  local_path: skills/external/blender/lighting
  scripts_present: false
  script_review_status: n/a
  included_resources:
  - SKILL.md
  - references/
- id: EXT-BLD-09
  name: rendering
  category: blender
  priority: P0
  decision: IMPORT_SELECTED
  operational_status: operational
  repo: https://github.com/arjun988/blender-skills
  upstream_path: .claude/skills/rendering/
  commit_sha: 8f778d2405a214b508d4c7d80742be8e43acdd52
  license: MIT
  license_file: blender/UPSTREAM_LICENSE
  local_path: skills/external/blender/rendering
  scripts_present: false
  script_review_status: n/a
  included_resources:
  - SKILL.md
  - references/
- id: EXT-BLD-10
  name: qa-review
  category: blender
  priority: P0
  decision: IMPORT_SELECTED
  operational_status: operational
  repo: https://github.com/arjun988/blender-skills
  upstream_path: .claude/skills/qa-review/
  commit_sha: 8f778d2405a214b508d4c7d80742be8e43acdd52
  license: MIT
  license_file: blender/UPSTREAM_LICENSE
  local_path: skills/external/blender/qa-review
  scripts_present: false
  script_review_status: n/a
  included_resources:
  - SKILL.md
  - references/
- id: EXT-BLD-11
  name: asset-optimization
  category: blender
  priority: P0
  decision: IMPORT_SELECTED
  operational_status: operational
  repo: https://github.com/arjun988/blender-skills
  upstream_path: .claude/skills/asset-optimization/
  commit_sha: 8f778d2405a214b508d4c7d80742be8e43acdd52
  license: MIT
  license_file: blender/UPSTREAM_LICENSE
  local_path: skills/external/blender/asset-optimization
  scripts_present: false
  script_review_status: n/a
  included_resources:
  - SKILL.md
  - references/
- id: EXT-BLD-12
  name: export-pipeline
  category: blender
  priority: P0
  decision: IMPORT_SELECTED
  operational_status: operational
  repo: https://github.com/arjun988/blender-skills
  upstream_path: .claude/skills/export-pipeline/
  commit_sha: 8f778d2405a214b508d4c7d80742be8e43acdd52
  license: MIT
  license_file: blender/UPSTREAM_LICENSE
  local_path: skills/external/blender/export-pipeline
  scripts_present: false
  script_review_status: n/a
  included_resources:
  - SKILL.md
  - references/
- id: EXT-BLD-13
  name: hard-surface
  category: blender
  priority: P1
  decision: IMPORT_SELECTED
  operational_status: operational
  repo: https://github.com/arjun988/blender-skills
  upstream_path: .claude/skills/hard-surface/
  commit_sha: 8f778d2405a214b508d4c7d80742be8e43acdd52
  license: MIT
  license_file: blender/UPSTREAM_LICENSE
  local_path: skills/external/blender/hard-surface
  scripts_present: false
  script_review_status: n/a
  included_resources:
  - SKILL.md
  - references/
- id: EXT-BLD-14
  name: geometry-nodes
  category: blender
  priority: P1
  decision: IMPORT_SELECTED
  operational_status: operational
  repo: https://github.com/arjun988/blender-skills
  upstream_path: .claude/skills/geometry-nodes/
  commit_sha: 8f778d2405a214b508d4c7d80742be8e43acdd52
  license: MIT
  license_file: blender/UPSTREAM_LICENSE
  local_path: skills/external/blender/geometry-nodes
  scripts_present: false
  script_review_status: n/a
  included_resources:
  - SKILL.md
  - references/
- id: EXT-BLD-15
  name: compositing
  category: blender
  priority: P1
  decision: IMPORT_SELECTED
  operational_status: operational
  repo: https://github.com/arjun988/blender-skills
  upstream_path: .claude/skills/compositing/
  commit_sha: 8f778d2405a214b508d4c7d80742be8e43acdd52
  license: MIT
  license_file: blender/UPSTREAM_LICENSE
  local_path: skills/external/blender/compositing
  scripts_present: false
  script_review_status: n/a
  included_resources:
  - SKILL.md
  - references/
- id: EXT-IMG3D-01
  name: img2threejs
  category: img2threejs
  priority: P0
  decision: KEEP_FORK
  operational_status: restricted
  repo: https://github.com/img2threejs/img2threejs
  upstream_path: /
  commit_sha: d6815db757c1eb435ae55f91fb375a7a98ddf28b
  license: Apache-2.0
  license_file: img2threejs/LICENSE
  local_path: skills/external/img2threejs
  scripts_present: true
  script_review_status: static_review_complete_not_executed
  included_resources:
  - SKILL.md
  - forge/
  - grimoire/
  - docs/
  - scripts/
  - steps.json
  - .gitignore
  fork_notes: Immutable snapshot; playwright capture script requires external Node/Playwright
    setup; not executed during import
